
Microsoft Visual Studio Solution File, Format Version 12.00
# Visual Studio Version 16
VisualStudioVersion = 16.0.32126.315
MinimumVisualStudioVersion = 10.0.40219.1
Project("{8BC9CEB8-8B4A-11D0-8D11-00A0C91BC942}") = "ChecksumCheck", "ChecksumCheck\ChecksumCheck.vcxproj", "{80F91338-FCBC-4342-A94E-0C71039B5D31}"
EndProject
Global
	GlobalSection(SolutionConfigurationPlatforms) = preSolution
		Debug|x64 = Debug|x64
		Debug|x86 = Debug|x86
		Release|x64 = Release|x64
		Release|x86 = Release|x86
	EndGlobalSection
	GlobalSection(ProjectConfigurationPlatforms) = postSolution
		{80F91338-FCBC-4342-A94E-0C71039B5D31}.Debug|x64.ActiveCfg = Debug|x64
		{80F91338-FCBC-4342-A94E-0C71039B5D31}.Debug|x64.Build.0 = Debug|x64
		{80F91338-FCBC-4342-A94E-0C71039B5D31}.Debug|x86.ActiveCfg = Debug|Win32
		{80F91338-FCBC-4342-A94E-0C71039B5D31}.Debug|x86.Build.0 = Debug|Win32
		{80F91338-FCBC-4342-A94E-0C71039B5D31}.Release|x64.ActiveCfg = Release|x64
		{80F91338-FCBC-4342-A94E-0C71039B5D31}.Release|x64.Build.0 = Release|x64
		{80F91338-FCBC-4342-A94E-0C71039B5D31}.Release|x86.ActiveCfg = Release|Win32
		{80F91338-FCBC-4342-A94E-0C71039B5D31}.Release|x86.Build.0 = Release|Win32
	EndGlobalSection
	GlobalSection(SolutionProperties) = preSolution
		HideSolutionNode = FALSE
	EndGlobalSection
	GlobalSection(ExtensibilityGlobals) = postSolution
		SolutionGuid = {581D1599-1C64-49E0-8CE7-F36D70DD00A4}
	EndGlobalSection
EndGlobal
